
Microsoft Visual Studio Solution File, Format Version 12.00
# Visual Studio Version 16
VisualStudioVersion = 16.0.33328.57
MinimumVisualStudioVersion = 10.0.40219.1
Project("{9A19103F-16F7-4668-BE54-9A1E7A4F7556}") = "Calculator", "Calculator\Calculator.csproj", "{04BDEEA6-0266-4BC3-B7F1-BA24E2FCA28F}"
EndProject
Project("{FAE04EC0-301F-11D3-BF4B-00C04F79EFBC}") = "CalculatorTests1", "CalculatorTests1\CalculatorTests1.csproj", "{4E1264F4-A969-4FE6-A042-A0417CA1FF50}"
EndProject
Global
	GlobalSection(SolutionConfigurationPlatforms) = preSolution
		Debug|Any CPU = Debug|Any CPU
		Release|Any CPU = Release|Any CPU
	EndGlobalSection
	GlobalSection(ProjectConfigurationPlatforms) = postSolution
		{04BDEEA6-0266-4BC3-B7F1-BA24E2FCA28F}.Debug|Any CPU.ActiveCfg = Debug|Any CPU
		{04BDEEA6-0266-4BC3-B7F1-BA24E2FCA28F}.Debug|Any CPU.Build.0 = Debug|Any CPU
		{04BDEEA6-0266-4BC3-B7F1-BA24E2FCA28F}.Release|Any CPU.ActiveCfg = Release|Any CPU
		{04BDEEA6-0266-4BC3-B7F1-BA24E2FCA28F}.Release|Any CPU.Build.0 = Release|Any CPU
		{4E1264F4-A969-4FE6-A042-A0417CA1FF50}.Debug|Any CPU.ActiveCfg = Debug|Any CPU
		{4E1264F4-A969-4FE6-A042-A0417CA1FF50}.Debug|Any CPU.Build.0 = Debug|Any CPU
		{4E1264F4-A969-4FE6-A042-A0417CA1FF50}.Release|Any CPU.ActiveCfg = Release|Any CPU
		{4E1264F4-A969-4FE6-A042-A0417CA1FF50}.Release|Any CPU.Build.0 = Release|Any CPU
	EndGlobalSection
	GlobalSection(SolutionProperties) = preSolution
		HideSolutionNode = FALSE
	EndGlobalSection
	GlobalSection(ExtensibilityGlobals) = postSolution
		SolutionGuid = {067FB768-9A8E-4965-B9A4-068D9DDEAC00}
	EndGlobalSection
EndGlobal
